
Microsoft Visual Studio Solution File, Format Version 12.00
# Visual Studio Version 16
VisualStudioVersion = 16.0.29519.181
MinimumVisualStudioVersion = 10.0.40219.1
Project("{9A19103F-16F7-4668-BE54-9A1E7A4F7556}") = "ex", "Esercitazione1\ex.csproj", "{53FF8F27-63B8-4847-A39A-445BF378E952}"
EndProject
Project("{9A19103F-16F7-4668-BE54-9A1E7A4F7556}") = "GestioneArray", "GestioneArray\GestioneArray.csproj", "{9E041C3A-8A3C-4F73-A16C-01CCFEF43114}"
EndProject
Global
	GlobalSection(SolutionConfigurationPlatforms) = preSolution
		Debug|Any CPU = Debug|Any CPU
		Release|Any CPU = Release|Any CPU
	EndGlobalSection
	GlobalSection(ProjectConfigurationPlatforms) = postSolution
		{53FF8F27-63B8-4847-A39A-445BF378E952}.Debug|Any CPU.ActiveCfg = Debug|Any CPU
		{53FF8F27-63B8-4847-A39A-445BF378E952}.Debug|Any CPU.Build.0 = Debug|Any CPU
		{53FF8F27-63B8-4847-A39A-445BF378E952}.Release|Any CPU.ActiveCfg = Release|Any CPU
		{53FF8F27-63B8-4847-A39A-445BF378E952}.Release|Any CPU.Build.0 = Release|Any CPU
		{9E041C3A-8A3C-4F73-A16C-01CCFEF43114}.Debug|Any CPU.ActiveCfg = Debug|Any CPU
		{9E041C3A-8A3C-4F73-A16C-01CCFEF43114}.Debug|Any CPU.Build.0 = Debug|Any CPU
		{9E041C3A-8A3C-4F73-A16C-01CCFEF43114}.Release|Any CPU.ActiveCfg = Release|Any CPU
		{9E041C3A-8A3C-4F73-A16C-01CCFEF43114}.Release|Any CPU.Build.0 = Release|Any CPU
	EndGlobalSection
	GlobalSection(SolutionProperties) = preSolution
		HideSolutionNode = FALSE
	EndGlobalSection
	GlobalSection(ExtensibilityGlobals) = postSolution
		SolutionGuid = {F366FC90-B7EF-4D22-AE36-5F7ED3BF50FB}
	EndGlobalSection
EndGlobal
